
Microsoft Visual Studio Solution File, Format Version 12.00
# Visual Studio Version 16
VisualStudioVersion = 16.0.31424.327
MinimumVisualStudioVersion = 10.0.40219.1
Project("{8BC9CEB8-8B4A-11D0-8D11-00A0C91BC942}") = "MatrixLib", "MatrixLib.vcxproj", "{068CB2DD-266E-4F86-BF86-60034B8836E1}"
EndProject
Global
	GlobalSection(SolutionConfigurationPlatforms) = preSolution
		Debug|x64 = Debug|x64
		Debug|x86 = Debug|x86
		Release|x64 = Release|x64
		Release|x86 = Release|x86
	EndGlobalSection
	GlobalSection(ProjectConfigurationPlatforms) = postSolution
		{068CB2DD-266E-4F86-BF86-60034B8836E1}.Debug|x64.ActiveCfg = Debug|x64
		{068CB2DD-266E-4F86-BF86-60034B8836E1}.Debug|x64.Build.0 = Debug|x64
		{068CB2DD-266E-4F86-BF86-60034B8836E1}.Debug|x86.ActiveCfg = Debug|Win32
		{068CB2DD-266E-4F86-BF86-60034B8836E1}.Debug|x86.Build.0 = Debug|Win32
		{068CB2DD-266E-4F86-BF86-60034B8836E1}.Release|x64.ActiveCfg = Release|x64
		{068CB2DD-266E-4F86-BF86-60034B8836E1}.Release|x64.Build.0 = Release|x64
		{068CB2DD-266E-4F86-BF86-60034B8836E1}.Release|x86.ActiveCfg = Release|Win32
		{068CB2DD-266E-4F86-BF86-60034B8836E1}.Release|x86.Build.0 = Release|Win32
	EndGlobalSection
	GlobalSection(SolutionProperties) = preSolution
		HideSolutionNode = FALSE
	EndGlobalSection
	GlobalSection(ExtensibilityGlobals) = postSolution
		SolutionGuid = {CCF53BE0-83C3-4EEF-9E9D-C4D02DC2C132}
	EndGlobalSection
EndGlobal
